
Microsoft Visual Studio Solution File, Format Version 12.00
# Visual Studio Version 16
VisualStudioVersion = 16.0.31515.178
MinimumVisualStudioVersion = 10.0.40219.1
Project("{9A19103F-16F7-4668-BE54-9A1E7A4F7556}") = "03_02_AuthenticationAuthorization", "03_02_AuthenticationAuthorization\03_02_AuthenticationAuthorization.csproj", "{67E1256B-37EE-450D-9BA0-7F02CAEB929F}"
EndProject
Project("{9A19103F-16F7-4668-BE54-9A1E7A4F7556}") = "06_01_VersionRazorPage", "06_01_VersionRazorPage\06_01_VersionRazorPage.csproj", "{5C77616C-9E91-41C5-91F6-6415AB7E8337}"
EndProject
Project("{9A19103F-16F7-4668-BE54-9A1E7A4F7556}") = "07_01_UseStaticFiles", "07_01_UseStaticFiles\07_01_UseStaticFiles.csproj", "{2ED23451-0AED-4CDC-9200-9216BC2E4D04}"
EndProject
Project("{9A19103F-16F7-4668-BE54-9A1E7A4F7556}") = "10_01_ASPNETCore", "10_01_ASPNETCore\10_01_ASPNETCore.csproj", "{B72E1630-5E43-44F5-9116-9B19EB935F02}"
EndProject
Project("{9A19103F-16F7-4668-BE54-9A1E7A4F7556}") = "16_02_공통레이아웃적용하기", "16_02_공통레이아웃적용하기\16_02_공통레이아웃적용하기.csproj", "{B217F8EF-5BB8-42DA-BD81-F0C431C78FB8}"
EndProject
Global
	GlobalSection(SolutionConfigurationPlatforms) = preSolution
		Debug|Any CPU = Debug|Any CPU
		Release|Any CPU = Release|Any CPU
	EndGlobalSection
	GlobalSection(ProjectConfigurationPlatforms) = postSolution
		{67E1256B-37EE-450D-9BA0-7F02CAEB929F}.Debug|Any CPU.ActiveCfg = Debug|Any CPU
		{67E1256B-37EE-450D-9BA0-7F02CAEB929F}.Debug|Any CPU.Build.0 = Debug|Any CPU
		{67E1256B-37EE-450D-9BA0-7F02CAEB929F}.Release|Any CPU.ActiveCfg = Release|Any CPU
		{67E1256B-37EE-450D-9BA0-7F02CAEB929F}.Release|Any CPU.Build.0 = Release|Any CPU
		{5C77616C-9E91-41C5-91F6-6415AB7E8337}.Debug|Any CPU.ActiveCfg = Debug|Any CPU
		{5C77616C-9E91-41C5-91F6-6415AB7E8337}.Debug|Any CPU.Build.0 = Debug|Any CPU
		{5C77616C-9E91-41C5-91F6-6415AB7E8337}.Release|Any CPU.ActiveCfg = Release|Any CPU
		{5C77616C-9E91-41C5-91F6-6415AB7E8337}.Release|Any CPU.Build.0 = Release|Any CPU
		{2ED23451-0AED-4CDC-9200-9216BC2E4D04}.Debug|Any CPU.ActiveCfg = Debug|Any CPU
		{2ED23451-0AED-4CDC-9200-9216BC2E4D04}.Debug|Any CPU.Build.0 = Debug|Any CPU
		{2ED23451-0AED-4CDC-9200-9216BC2E4D04}.Release|Any CPU.ActiveCfg = Release|Any CPU
		{2ED23451-0AED-4CDC-9200-9216BC2E4D04}.Release|Any CPU.Build.0 = Release|Any CPU
		{B72E1630-5E43-44F5-9116-9B19EB935F02}.Debug|Any CPU.ActiveCfg = Debug|Any CPU
		{B72E1630-5E43-44F5-9116-9B19EB935F02}.Debug|Any CPU.Build.0 = Debug|Any CPU
		{B72E1630-5E43-44F5-9116-9B19EB935F02}.Release|Any CPU.ActiveCfg = Release|Any CPU
		{B72E1630-5E43-44F5-9116-9B19EB935F02}.Release|Any CPU.Build.0 = Release|Any CPU
		{B217F8EF-5BB8-42DA-BD81-F0C431C78FB8}.Debug|Any CPU.ActiveCfg = Debug|Any CPU
		{B217F8EF-5BB8-42DA-BD81-F0C431C78FB8}.Debug|Any CPU.Build.0 = Debug|Any CPU
		{B217F8EF-5BB8-42DA-BD81-F0C431C78FB8}.Release|Any CPU.ActiveCfg = Release|Any CPU
		{B217F8EF-5BB8-42DA-BD81-F0C431C78FB8}.Release|Any CPU.Build.0 = Release|Any CPU
	EndGlobalSection
	GlobalSection(SolutionProperties) = preSolution
		HideSolutionNode = FALSE
	EndGlobalSection
	GlobalSection(ExtensibilityGlobals) = postSolution
		SolutionGuid = {E62B9395-4B22-46D0-BA10-0FD66A1419AC}
	EndGlobalSection
EndGlobal
