
Microsoft Visual Studio Solution File, Format Version 12.00
# Visual Studio Version 16
VisualStudioVersion = 16.0.31515.178
MinimumVisualStudioVersion = 10.0.40219.1
Project("{FAE04EC0-301F-11D3-BF4B-00C04F79EFBC}") = "03_02_AuthenticationAuthorization", "03_02_AuthenticationAuthorization\03_02_AuthenticationAuthorization.csproj", "{67E1256B-37EE-450D-9BA0-7F02CAEB929F}"
EndProject
Global
	GlobalSection(SolutionConfigurationPlatforms) = preSolution
		Debug|Any CPU = Debug|Any CPU
		Release|Any CPU = Release|Any CPU
	EndGlobalSection
	GlobalSection(ProjectConfigurationPlatforms) = postSolution
		{67E1256B-37EE-450D-9BA0-7F02CAEB929F}.Debug|Any CPU.ActiveCfg = Debug|Any CPU
		{67E1256B-37EE-450D-9BA0-7F02CAEB929F}.Debug|Any CPU.Build.0 = Debug|Any CPU
		{67E1256B-37EE-450D-9BA0-7F02CAEB929F}.Release|Any CPU.ActiveCfg = Release|Any CPU
		{67E1256B-37EE-450D-9BA0-7F02CAEB929F}.Release|Any CPU.Build.0 = Release|Any CPU
	EndGlobalSection
	GlobalSection(SolutionProperties) = preSolution
		HideSolutionNode = FALSE
	EndGlobalSection
	GlobalSection(ExtensibilityGlobals) = postSolution
		SolutionGuid = {E62B9395-4B22-46D0-BA10-0FD66A1419AC}
	EndGlobalSection
EndGlobal
